// !$*UTF8*$!
{
	archiveVersion = 1;
	classes = {
	};
	objectVersion = 50;
	objects = {

/* Begin PBXBuildFile section */
		2568330023D4E1DC006A44DE /* AppDelegate.swift in Sources */ = {isa = PBXBuildFile; fileRef = 256832FF23D4E1DC006A44DE /* AppDelegate.swift */; };
		2568330223D4E1DC006A44DE /* SceneDelegate.swift in Sources */ = {isa = PBXBuildFile; fileRef = 2568330123D4E1DC006A44DE /* SceneDelegate.swift */; };
		2568330523D4E1DC006A44DE /* FriendFaceWithCoreData.xcdatamodeld in Sources */ = {isa = PBXBuildFile; fileRef = 2568330323D4E1DC006A44DE /* FriendFaceWithCoreData.xcdatamodeld */; };
		2568330723D4E1DC006A44DE /* ContentView.swift in Sources */ = {isa = PBXBuildFile; fileRef = 2568330623D4E1DC006A44DE /* ContentView.swift */; };
		2568330923D4E1E3006A44DE /* Assets.xcassets in Resources */ = {isa = PBXBuildFile; fileRef = 2568330823D4E1E3006A44DE /* Assets.xcassets */; };
		2568330C23D4E1E3006A44DE /* Preview Assets.xcassets in Resources */ = {isa = PBXBuildFile; fileRef = 2568330B23D4E1E3006A44DE /* Preview Assets.xcassets */; };
		2568330F23D4E1E3006A44DE /* LaunchScreen.storyboard in Resources */ = {isa = PBXBuildFile; fileRef = 2568330D23D4E1E3006A44DE /* LaunchScreen.storyboard */; };
		2568331A23D4E29F006A44DE /* User+CoreDataClass.swift in Sources */ = {isa = PBXBuildFile; fileRef = 2568331623D4E29F006A44DE /* User+CoreDataClass.swift */; };
		2568331B23D4E29F006A44DE /* User+CoreDataProperties.swift in Sources */ = {isa = PBXBuildFile; fileRef = 2568331723D4E29F006A44DE /* User+CoreDataProperties.swift */; };
		2568331C23D4E29F006A44DE /* Friend+CoreDataClass.swift in Sources */ = {isa = PBXBuildFile; fileRef = 2568331823D4E29F006A44DE /* Friend+CoreDataClass.swift */; };
		2568331D23D4E29F006A44DE /* Friend+CoreDataProperties.swift in Sources */ = {isa = PBXBuildFile; fileRef = 2568331923D4E29F006A44DE /* Friend+CoreDataProperties.swift */; };
/* End PBXBuildFile section */

/* Begin PBXFileReference section */
		256832FC23D4E1DC006A44DE /* FriendFaceWithCoreData.app */ = {isa = PBXFileReference; explicitFileType = wrapper.application; includeInIndex = 0; path = FriendFaceWithCoreData.app; sourceTree = BUILT_PRODUCTS_DIR; };
		256832FF23D4E1DC006A44DE /* AppDelegate.swift */ = {isa = PBXFileReference; lastKnownFileType = sourcecode.swift; path = AppDelegate.swift; sourceTree = "<group>"; };
		2568330123D4E1DC006A44DE /* SceneDelegate.swift */ = {isa = PBXFileReference; lastKnownFileType = sourcecode.swift; path = SceneDelegate.swift; sourceTree = "<group>"; };
		2568330423D4E1DC006A44DE /* FriendFaceWithCoreData.xcdatamodel */ = {isa = PBXFileReference; lastKnownFileType = wrapper.xcdatamodel; path = FriendFaceWithCoreData.xcdatamodel; sourceTree = "<group>"; };
		2568330623D4E1DC006A44DE /* ContentView.swift */ = {isa = PBXFileReference; lastKnownFileType = sourcecode.swift; path = ContentView.swift; sourceTree = "<group>"; };
		2568330823D4E1E3006A44DE /* Assets.xcassets */ = {isa = PBXFileReference; lastKnownFileType = folder.assetcatalog; path = Assets.xcassets; sourceTree = "<group>"; };
		2568330B23D4E1E3006A44DE /* Preview Assets.xcassets */ = {isa = PBXFileReference; lastKnownFileType = folder.assetcatalog; path = "Preview Assets.xcassets"; sourceTree = "<group>"; };
		2568330E23D4E1E3006A44DE /* Base */ = {isa = PBXFileReference; lastKnownFileType = file.storyboard; name = Base; path = Base.lproj/LaunchScreen.storyboard; sourceTree = "<group>"; };
		2568331023D4E1E3006A44DE /* Info.plist */ = {isa = PBXFileReference; lastKnownFileType = text.plist.xml; path = Info.plist; sourceTree = "<group>"; };
		2568331623D4E29F006A44DE /* User+CoreDataClass.swift */ = {isa = PBXFileReference; lastKnownFileType = sourcecode.swift; path = "User+CoreDataClass.swift"; sourceTree = "<group>"; };
		2568331723D4E29F006A44DE /* User+CoreDataProperties.swift */ = {isa = PBXFileReference; lastKnownFileType = sourcecode.swift; path = "User+CoreDataProperties.swift"; sourceTree = "<group>"; };
		2568331823D4E29F006A44DE /* Friend+CoreDataClass.swift */ = {isa = PBXFileReference; lastKnownFileType = sourcecode.swift; path = "Friend+CoreDataClass.swift"; sourceTree = "<group>"; };
		2568331923D4E29F006A44DE /* Friend+CoreDataProperties.swift */ = {isa = PBXFileReference; lastKnownFileType = sourcecode.swift; path = "Friend+CoreDataProperties.swift"; sourceTree = "<group>"; };
/* End PBXFileReference section */

/* Begin PBXFrameworksBuildPhase section */
		256832F923D4E1DC006A44DE /* Frameworks */ = {
			isa = PBXFrameworksBuildPhase;
			buildActionMask = 2147483647;
			files = (
			);
			runOnlyForDeploymentPostprocessing = 0;
		};
/* End PBXFrameworksBuildPhase section */

/* Begin PBXGroup section */
		256832F323D4E1DC006A44DE = {
			isa = PBXGroup;
			children = (
				256832FE23D4E1DC006A44DE /* FriendFaceWithCoreData */,
				256832FD23D4E1DC006A44DE /* Products */,
			);
			sourceTree = "<group>";
		};
		256832FD23D4E1DC006A44DE /* Products */ = {
			isa = PBXGroup;
			children = (
				256832FC23D4E1DC006A44DE /* FriendFaceWithCoreData.app */,
			);
			name = Products;
			sourceTree = "<group>";
		};
		256832FE23D4E1DC006A44DE /* FriendFaceWithCoreData */ = {
			isa = PBXGroup;
			children = (
				2568331623D4E29F006A44DE /* User+CoreDataClass.swift */,
				2568331723D4E29F006A44DE /* User+CoreDataProperties.swift */,
				2568331823D4E29F006A44DE /* Friend+CoreDataClass.swift */,
				2568331923D4E29F006A44DE /* Friend+CoreDataProperties.swift */,
				256832FF23D4E1DC006A44DE /* AppDelegate.swift */,
				2568330123D4E1DC006A44DE /* SceneDelegate.swift */,
				2568330623D4E1DC006A44DE /* ContentView.swift */,
				2568330823D4E1E3006A44DE /* Assets.xcassets */,
				2568330D23D4E1E3006A44DE /* LaunchScreen.storyboard */,
				2568331023D4E1E3006A44DE /* Info.plist */,
				2568330323D4E1DC006A44DE /* FriendFaceWithCoreData.xcdatamodeld */,
				2568330A23D4E1E3006A44DE /* Preview Content */,
			);
			path = FriendFaceWithCoreData;
			sourceTree = "<group>";
		};
		2568330A23D4E1E3006A44DE /* Preview Content */ = {
			isa = PBXGroup;
			children = (
				2568330B23D4E1E3006A44DE /* Preview Assets.xcassets */,
			);
			path = "Preview Content";
			sourceTree = "<group>";
		};
/* End PBXGroup section */

/* Begin PBXNativeTarget section */
		256832FB23D4E1DC006A44DE /* FriendFaceWithCoreData */ = {
			isa = PBXNativeTarget;
			buildConfigurationList = 2568331323D4E1E3006A44DE /* Build configuration list for PBXNativeTarget "FriendFaceWithCoreData" */;
			buildPhases = (
				256832F823D4E1DC006A44DE /* Sources */,
				256832F923D4E1DC006A44DE /* Frameworks */,
				256832FA23D4E1DC006A44DE /* Resources */,
			);
			buildRules = (
			);
			dependencies = (
			);
			name = FriendFaceWithCoreData;
			productName = FriendFaceWithCoreData;
			productReference = 256832FC23D4E1DC006A44DE /* FriendFaceWithCoreData.app */;
			productType = "com.apple.product-type.application";
		};
/* End PBXNativeTarget section */

/* Begin PBXProject section */
		256832F423D4E1DC006A44DE /* Project object */ = {
			isa = PBXProject;
			attributes = {
				LastSwiftUpdateCheck = 1130;
				LastUpgradeCheck = 1130;
				ORGANIZATIONNAME = Davron;
				TargetAttributes = {
					256832FB23D4E1DC006A44DE = {
						CreatedOnToolsVersion = 11.3.1;
					};
				};
			};
			buildConfigurationList = 256832F723D4E1DC006A44DE /* Build configuration list for PBXProject "FriendFaceWithCoreData" */;
			compatibilityVersion = "Xcode 9.3";
			developmentRegion = en;
			hasScannedForEncodings = 0;
			knownRegions = (
				en,
				Base,
			);
			mainGroup = 256832F323D4E1DC006A44DE;
			productRefGroup = 256832FD23D4E1DC006A44DE /* Products */;
			projectDirPath = "";
			projectRoot = "";
			targets = (
				256832FB23D4E1DC006A44DE /* FriendFaceWithCoreData */,
			);
		};
/* End PBXProject section */

/* Begin PBXResourcesBuildPhase section */
		256832FA23D4E1DC006A44DE /* Resources */ = {
			isa = PBXResourcesBuildPhase;
			buildActionMask = 2147483647;
			files = (
				2568330F23D4E1E3006A44DE /* LaunchScreen.storyboard in Resources */,
				2568330C23D4E1E3006A44DE /* Preview Assets.xcassets in Resources */,
				2568330923D4E1E3006A44DE /* Assets.xcassets in Resources */,
			);
			runOnlyForDeploymentPostprocessing = 0;
		};
/* End PBXResourcesBuildPhase section */

/* Begin PBXSourcesBuildPhase section */
		256832F823D4E1DC006A44DE /* Sources */ = {
			isa = PBXSourcesBuildPhase;
			buildActionMask = 2147483647;
			files = (
				2568330023D4E1DC006A44DE /* AppDelegate.swift in Sources */,
				2568330523D4E1DC006A44DE /* FriendFaceWithCoreData.xcdatamodeld in Sources */,
				2568331B23D4E29F006A44DE /* User+CoreDataProperties.swift in Sources */,
				2568330723D4E1DC006A44DE /* ContentView.swift in Sources */,
				2568330223D4E1DC006A44DE /* SceneDelegate.swift in Sources */,
				2568331D23D4E29F006A44DE /* Friend+CoreDataProperties.swift in Sources */,
				2568331C23D4E29F006A44DE /* Friend+CoreDataClass.swift in Sources */,
				2568331A23D4E29F006A44DE /* User+CoreDataClass.swift in Sources */,
			);
			runOnlyForDeploymentPostprocessing = 0;
		};
/* End PBXSourcesBuildPhase section */

/* Begin PBXVariantGroup section */
		2568330D23D4E1E3006A44DE /* LaunchScreen.storyboard */ = {
			isa = PBXVariantGroup;
			children = (
				2568330E23D4E1E3006A44DE /* Base */,
			);
			name = LaunchScreen.storyboard;
			sourceTree = "<group>";
		};
/* End PBXVariantGroup section */

/* Begin XCBuildConfiguration section */
		2568331123D4E1E3006A44DE /* Debug */ = {
			isa = XCBuildConfiguration;
			buildSettings = {
				ALWAYS_SEARCH_USER_PATHS = NO;
				CLANG_ANALYZER_NONNULL = YES;
				CLANG_ANALYZER_NUMBER_OBJECT_CONVERSION = YES_AGGRESSIVE;
				CLANG_CXX_LANGUAGE_STANDARD = "gnu++14";
				CLANG_CXX_LIBRARY = "libc++";
				CLANG_ENABLE_MODULES = YES;
				CLANG_ENABLE_OBJC_ARC = YES;
				CLANG_ENABLE_OBJC_WEAK = YES;
				CLANG_WARN_BLOCK_CAPTURE_AUTORELEASING = YES;
				CLANG_WARN_BOOL_CONVERSION = YES;
				CLANG_WARN_COMMA = YES;
				CLANG_WARN_CONSTANT_CONVERSION = YES;
				CLANG_WARN_DEPRECATED_OBJC_IMPLEMENTATIONS = YES;
				CLANG_WARN_DIRECT_OBJC_ISA_USAGE = YES_ERROR;
				CLANG_WARN_DOCUMENTATION_COMMENTS = YES;
				CLANG_WARN_EMPTY_BODY = YES;
				CLANG_WARN_ENUM_CONVERSION = YES;
				CLANG_WARN_INFINITE_RECURSION = YES;
				CLANG_WARN_INT_CONVERSION = YES;
				CLANG_WARN_NON_LITERAL_NULL_CONVERSION = YES;
				CLANG_WARN_OBJC_IMPLICIT_RETAIN_SELF = YES;
				CLANG_WARN_OBJC_LITERAL_CONVERSION = YES;
				CLANG_WARN_OBJC_ROOT_CLASS = YES_ERROR;
				CLANG_WARN_RANGE_LOOP_ANALYSIS = YES;
				CLANG_WARN_STRICT_PROTOTYPES = YES;
				CLANG_WARN_SUSPICIOUS_MOVE = YES;
				CLANG_WARN_UNGUARDED_AVAILABILITY = YES_AGGRESSIVE;
				CLANG_WARN_UNREACHABLE_CODE = YES;
				CLANG_WARN__DUPLICATE_METHOD_MATCH = YES;
				COPY_PHASE_STRIP = NO;
				DEBUG_INFORMATION_FORMAT = dwarf;
				ENABLE_STRICT_OBJC_MSGSEND = YES;
				ENABLE_TESTABILITY = YES;
				GCC_C_LANGUAGE_STANDARD = gnu11;
				GCC_DYNAMIC_NO_PIC = NO;
				GCC_NO_COMMON_BLOCKS = YES;
				GCC_OPTIMIZATION_LEVEL = 0;
				GCC_PREPROCESSOR_DEFINITIONS = (
					"DEBUG=1",
					"$(inherited)",
				);
				GCC_WARN_64_TO_32_BIT_CONVERSION = YES;
				GCC_WARN_ABOUT_RETURN_TYPE = YES_ERROR;
				GCC_WARN_UNDECLARED_SELECTOR = YES;
				GCC_WARN_UNINITIALIZED_AUTOS = YES_AGGRESSIVE;
				GCC_WARN_UNUSED_FUNCTION = YES;
				GCC_WARN_UNUSED_VARIABLE = YES;
				IPHONEOS_DEPLOYMENT_TARGET = 13.2;
				MTL_ENABLE_DEBUG_INFO = INCLUDE_SOURCE;
				MTL_FAST_MATH = YES;
				ONLY_ACTIVE_ARCH = YES;
				SDKROOT = iphoneos;
				SWIFT_ACTIVE_COMPILATION_CONDITIONS = DEBUG;
				SWIFT_OPTIMIZATION_LEVEL = "-Onone";
			};
			name = Debug;
		};
		2568331223D4E1E3006A44DE /* Release */ = {
			isa = XCBuildConfiguration;
			buildSettings = {
				ALWAYS_SEARCH_USER_PATHS = NO;
				CLANG_ANALYZER_NONNULL = YES;
				CLANG_ANALYZER_NUMBER_OBJECT_CONVERSION = YES_AGGRESSIVE;
				CLANG_CXX_LANGUAGE_STANDARD = "gnu++14";
				CLANG_CXX_LIBRARY = "libc++";
				CLANG_ENABLE_MODULES = YES;
				CLANG_ENABLE_OBJC_ARC = YES;
				CLANG_ENABLE_OBJC_WEAK = YES;
				CLANG_WARN_BLOCK_CAPTURE_AUTORELEASING = YES;
				CLANG_WARN_BOOL_CONVERSION = YES;
				CLANG_WARN_COMMA = YES;
				CLANG_WARN_CONSTANT_CONVERSION = YES;
				CLANG_WARN_DEPRECATED_OBJC_IMPLEMENTATIONS = YES;
				CLANG_WARN_DIRECT_OBJC_ISA_USAGE = YES_ERROR;
				CLANG_WARN_DOCUMENTATION_COMMENTS = YES;
				CLANG_WARN_EMPTY_BODY = YES;
				CLANG_WARN_ENUM_CONVERSION = YES;
				CLANG_WARN_INFINITE_RECURSION = YES;
				CLANG_WARN_INT_CONVERSION = YES;
				CLANG_WARN_NON_LITERAL_NULL_CONVERSION = YES;
				CLANG_WARN_OBJC_IMPLICIT_RETAIN_SELF = YES;
				CLANG_WARN_OBJC_LITERAL_CONVERSION = YES;
				CLANG_WARN_OBJC_ROOT_CLASS = YES_ERROR;
				CLANG_WARN_RANGE_LOOP_ANALYSIS = YES;
				CLANG_WARN_STRICT_PROTOTYPES = YES;
				CLANG_WARN_SUSPICIOUS_MOVE = YES;
				CLANG_WARN_UNGUARDED_AVAILABILITY = YES_AGGRESSIVE;
				CLANG_WARN_UNREACHABLE_CODE = YES;
				CLANG_WARN__DUPLICATE_METHOD_MATCH = YES;
				COPY_PHASE_STRIP = NO;
				DEBUG_INFORMATION_FORMAT = "dwarf-with-dsym";
				ENABLE_NS_ASSERTIONS = NO;
				ENABLE_STRICT_OBJC_MSGSEND = YES;
				GCC_C_LANGUAGE_STANDARD = gnu11;
				GCC_NO_COMMON_BLOCKS = YES;
				GCC_WARN_64_TO_32_BIT_CONVERSION = YES;
				GCC_WARN_ABOUT_RETURN_TYPE = YES_ERROR;
				GCC_WARN_UNDECLARED_SELECTOR = YES;
				GCC_WARN_UNINITIALIZED_AUTOS = YES_AGGRESSIVE;
				GCC_WARN_UNUSED_FUNCTION = YES;
				GCC_WARN_UNUSED_VARIABLE = YES;
				IPHONEOS_DEPLOYMENT_TARGET = 13.2;
				MTL_ENABLE_DEBUG_INFO = NO;
				MTL_FAST_MATH = YES;
				SDKROOT = iphoneos;
				SWIFT_COMPILATION_MODE = wholemodule;
				SWIFT_OPTIMIZATION_LEVEL = "-O";
				VALIDATE_PRODUCT = YES;
			};
			name = Release;
		};
		2568331423D4E1E3006A44DE /* Debug */ = {
			isa = XCBuildConfiguration;
			buildSettings = {
				ASSETCATALOG_COMPILER_APPICON_NAME = AppIcon;
				CODE_SIGN_STYLE = Automatic;
				DEVELOPMENT_ASSET_PATHS = "\"FriendFaceWithCoreData/Preview Content\"";
				DEVELOPMENT_TEAM = STDTT6CHY7;
				ENABLE_PREVIEWS = YES;
				INFOPLIST_FILE = FriendFaceWithCoreData/Info.plist;
				LD_RUNPATH_SEARCH_PATHS = (
					"$(inherited)",
					"@executable_path/Frameworks",
				);
				PRODUCT_BUNDLE_IDENTIFIER = com.adzguy.FriendFaceWithCoreData;
				PRODUCT_NAME = "$(TARGET_NAME)";
				SWIFT_VERSION = 5.0;
				TARGETED_DEVICE_FAMILY = "1,2";
			};
			name = Debug;
		};
		2568331523D4E1E3006A44DE /* Release */ = {
			isa = XCBuildConfiguration;
			buildSettings = {
				ASSETCATALOG_COMPILER_APPICON_NAME = AppIcon;
				CODE_SIGN_STYLE = Automatic;
				DEVELOPMENT_ASSET_PATHS = "\"FriendFaceWithCoreData/Preview Content\"";
				DEVELOPMENT_TEAM = STDTT6CHY7;
				ENABLE_PREVIEWS = YES;
				INFOPLIST_FILE = FriendFaceWithCoreData/Info.plist;
				LD_RUNPATH_SEARCH_PATHS = (
					"$(inherited)",
					"@executable_path/Frameworks",
				);
				PRODUCT_BUNDLE_IDENTIFIER = com.adzguy.FriendFaceWithCoreData;
				PRODUCT_NAME = "$(TARGET_NAME)";
				SWIFT_VERSION = 5.0;
				TARGETED_DEVICE_FAMILY = "1,2";
			};
			name = Release;
		};
/* End XCBuildConfiguration section */

/* Begin XCConfigurationList section */
		256832F723D4E1DC006A44DE /* Build configuration list for PBXProject "FriendFaceWithCoreData" */ = {
			isa = XCConfigurationList;
			buildConfigurations = (
				2568331123D4E1E3006A44DE /* Debug */,
				2568331223D4E1E3006A44DE /* Release */,
			);
			defaultConfigurationIsVisible = 0;
			defaultConfigurationName = Release;
		};
		2568331323D4E1E3006A44DE /* Build configuration list for PBXNativeTarget "FriendFaceWithCoreData" */ = {
			isa = XCConfigurationList;
			buildConfigurations = (
				2568331423D4E1E3006A44DE /* Debug */,
				2568331523D4E1E3006A44DE /* Release */,
			);
			defaultConfigurationIsVisible = 0;
			defaultConfigurationName = Release;
		};
/* End XCConfigurationList section */

/* Begin XCVersionGroup section */
		2568330323D4E1DC006A44DE /* FriendFaceWithCoreData.xcdatamodeld */ = {
			isa = XCVersionGroup;
			children = (
				2568330423D4E1DC006A44DE /* FriendFaceWithCoreData.xcdatamodel */,
			);
			currentVersion = 2568330423D4E1DC006A44DE /* FriendFaceWithCoreData.xcdatamodel */;
			path = FriendFaceWithCoreData.xcdatamodeld;
			sourceTree = "<group>";
			versionGroupType = wrapper.xcdatamodel;
		};
/* End XCVersionGroup section */
	};
	rootObject = 256832F423D4E1DC006A44DE /* Project object */;
}
